// !$*UTF8*$!
{
	archiveVersion = 1;
	classes = {
	};
	objectVersion = 55;
	objects = {

/* Begin PBXBuildFile section */
		A400496E28E4719200824B46 /* AppDelegate.swift in Sources */ = {isa = PBXBuildFile; fileRef = A400496D28E4719200824B46 /* AppDelegate.swift */; };
		A400497028E4719200824B46 /* SceneDelegate.swift in Sources */ = {isa = PBXBuildFile; fileRef = A400496F28E4719200824B46 /* SceneDelegate.swift */; };
		A400497228E4719200824B46 /* ViewController.swift in Sources */ = {isa = PBXBuildFile; fileRef = A400497128E4719200824B46 /* ViewController.swift */; };
		A400497528E4719200824B46 /* Main.storyboard in Resources */ = {isa = PBXBuildFile; fileRef = A400497328E4719200824B46 /* Main.storyboard */; };
		A400497A28E4719600824B46 /* Assets.xcassets in Resources */ = {isa = PBXBuildFile; fileRef = A400497928E4719600824B46 /* Assets.xcassets */; };
		A400497D28E4719600824B46 /* LaunchScreen.storyboard in Resources */ = {isa = PBXBuildFile; fileRef = A400497B28E4719600824B46 /* LaunchScreen.storyboard */; };
		A400498528E474F500824B46 /* Model.swift in Sources */ = {isa = PBXBuildFile; fileRef = A400498428E474F500824B46 /* Model.swift */; };
		A41651BC28EDBEC10048BBEE /* DetailsVC.swift in Sources */ = {isa = PBXBuildFile; fileRef = A41651BB28EDBEC10048BBEE /* DetailsVC.swift */; };
		A467ACDB28ED6C5400369CFB /* MovieCell.swift in Sources */ = {isa = PBXBuildFile; fileRef = A467ACDA28ED6C5400369CFB /* MovieCell.swift */; };
		A4914FE528F46D63009CC1DF /* Constants.swift in Sources */ = {isa = PBXBuildFile; fileRef = A4914FE428F46D63009CC1DF /* Constants.swift */; };
		A4914FE728F4893B009CC1DF /* MovieManager.swift in Sources */ = {isa = PBXBuildFile; fileRef = A4914FE628F4893B009CC1DF /* MovieManager.swift */; };
		F8F4ACE1A8340EE7CA62E044 /* Pods_MovieApp.framework in Frameworks */ = {isa = PBXBuildFile; fileRef = DE63545471141553982644AA /* Pods_MovieApp.framework */; };
/* End PBXBuildFile section */

/* Begin PBXFileReference section */
		41A2FE6C5B264C4C537C9D57 /* Pods-MovieApp.release.xcconfig */ = {isa = PBXFileReference; includeInIndex = 1; lastKnownFileType = text.xcconfig; name = "Pods-MovieApp.release.xcconfig"; path = "Target Support Files/Pods-MovieApp/Pods-MovieApp.release.xcconfig"; sourceTree = "<group>"; };
		649C2242269D5DFDD76E8EF0 /* Pods-MovieApp.debug.xcconfig */ = {isa = PBXFileReference; includeInIndex = 1; lastKnownFileType = text.xcconfig; name = "Pods-MovieApp.debug.xcconfig"; path = "Target Support Files/Pods-MovieApp/Pods-MovieApp.debug.xcconfig"; sourceTree = "<group>"; };
		A400496A28E4719200824B46 /* MovieApp.app */ = {isa = PBXFileReference; explicitFileType = wrapper.application; includeInIndex = 0; path = MovieApp.app; sourceTree = BUILT_PRODUCTS_DIR; };
		A400496D28E4719200824B46 /* AppDelegate.swift */ = {isa = PBXFileReference; lastKnownFileType = sourcecode.swift; path = AppDelegate.swift; sourceTree = "<group>"; };
		A400496F28E4719200824B46 /* SceneDelegate.swift */ = {isa = PBXFileReference; lastKnownFileType = sourcecode.swift; path = SceneDelegate.swift; sourceTree = "<group>"; };
		A400497128E4719200824B46 /* ViewController.swift */ = {isa = PBXFileReference; lastKnownFileType = sourcecode.swift; path = ViewController.swift; sourceTree = "<group>"; };
		A400497428E4719200824B46 /* Base */ = {isa = PBXFileReference; lastKnownFileType = file.storyboard; name = Base; path = Base.lproj/Main.storyboard; sourceTree = "<group>"; };
		A400497928E4719600824B46 /* Assets.xcassets */ = {isa = PBXFileReference; lastKnownFileType = folder.assetcatalog; path = Assets.xcassets; sourceTree = "<group>"; };
		A400497C28E4719600824B46 /* Base */ = {isa = PBXFileReference; lastKnownFileType = file.storyboard; name = Base; path = Base.lproj/LaunchScreen.storyboard; sourceTree = "<group>"; };
		A400497E28E4719600824B46 /* Info.plist */ = {isa = PBXFileReference; lastKnownFileType = text.plist.xml; path = Info.plist; sourceTree = "<group>"; };
		A400498428E474F500824B46 /* Model.swift */ = {isa = PBXFileReference; lastKnownFileType = sourcecode.swift; path = Model.swift; sourceTree = "<group>"; };
		A41651BB28EDBEC10048BBEE /* DetailsVC.swift */ = {isa = PBXFileReference; lastKnownFileType = sourcecode.swift; path = DetailsVC.swift; sourceTree = "<group>"; };
		A467ACDA28ED6C5400369CFB /* MovieCell.swift */ = {isa = PBXFileReference; lastKnownFileType = sourcecode.swift; path = MovieCell.swift; sourceTree = "<group>"; };
		A4914FE428F46D63009CC1DF /* Constants.swift */ = {isa = PBXFileReference; lastKnownFileType = sourcecode.swift; path = Constants.swift; sourceTree = "<group>"; };
		A4914FE628F4893B009CC1DF /* MovieManager.swift */ = {isa = PBXFileReference; lastKnownFileType = sourcecode.swift; path = MovieManager.swift; sourceTree = "<group>"; };
		DE63545471141553982644AA /* Pods_MovieApp.framework */ = {isa = PBXFileReference; explicitFileType = wrapper.framework; includeInIndex = 0; path = Pods_MovieApp.framework; sourceTree = BUILT_PRODUCTS_DIR; };
/* End PBXFileReference section */

/* Begin PBXFrameworksBuildPhase section */
		A400496728E4719200824B46 /* Frameworks */ = {
			isa = PBXFrameworksBuildPhase;
			buildActionMask = 2147483647;
			files = (
				F8F4ACE1A8340EE7CA62E044 /* Pods_MovieApp.framework in Frameworks */,
			);
			runOnlyForDeploymentPostprocessing = 0;
		};
/* End PBXFrameworksBuildPhase section */

/* Begin PBXGroup section */
		448B94D47EE5483685F28397 /* Frameworks */ = {
			isa = PBXGroup;
			children = (
				DE63545471141553982644AA /* Pods_MovieApp.framework */,
			);
			name = Frameworks;
			sourceTree = "<group>";
		};
		A400496128E4719200824B46 = {
			isa = PBXGroup;
			children = (
				A400496C28E4719200824B46 /* MovieApp */,
				A400496B28E4719200824B46 /* Products */,
				ABF259681DB987CEB703861E /* Pods */,
				448B94D47EE5483685F28397 /* Frameworks */,
			);
			sourceTree = "<group>";
		};
		A400496B28E4719200824B46 /* Products */ = {
			isa = PBXGroup;
			children = (
				A400496A28E4719200824B46 /* MovieApp.app */,
			);
			name = Products;
			sourceTree = "<group>";
		};
		A400496C28E4719200824B46 /* MovieApp */ = {
			isa = PBXGroup;
			children = (
				A4914FDD28F3F06D009CC1DF /* Constants */,
				A4914FDC28F3F065009CC1DF /* Network */,
				A4914FDA28F3F04C009CC1DF /* Controllers */,
				A4914FD928F3F006009CC1DF /* Views */,
				A4914FDB28F3F05A009CC1DF /* Model */,
				A4914FDE28F3F0D4009CC1DF /* Storyboards */,
				A400496D28E4719200824B46 /* AppDelegate.swift */,
				A400496F28E4719200824B46 /* SceneDelegate.swift */,
				A400497928E4719600824B46 /* Assets.xcassets */,
				A400497E28E4719600824B46 /* Info.plist */,
			);
			path = MovieApp;
			sourceTree = "<group>";
		};
		A4914FD928F3F006009CC1DF /* Views */ = {
			isa = PBXGroup;
			children = (
				A467ACDA28ED6C5400369CFB /* MovieCell.swift */,
			);
			path = Views;
			sourceTree = "<group>";
		};
		A4914FDA28F3F04C009CC1DF /* Controllers */ = {
			isa = PBXGroup;
			children = (
				A41651BB28EDBEC10048BBEE /* DetailsVC.swift */,
				A400497128E4719200824B46 /* ViewController.swift */,
			);
			path = Controllers;
			sourceTree = "<group>";
		};
		A4914FDB28F3F05A009CC1DF /* Model */ = {
			isa = PBXGroup;
			children = (
				A400498428E474F500824B46 /* Model.swift */,
			);
			path = Model;
			sourceTree = "<group>";
		};
		A4914FDC28F3F065009CC1DF /* Network */ = {
			isa = PBXGroup;
			children = (
				A4914FE628F4893B009CC1DF /* MovieManager.swift */,
			);
			path = Network;
			sourceTree = "<group>";
		};
		A4914FDD28F3F06D009CC1DF /* Constants */ = {
			isa = PBXGroup;
			children = (
				A4914FE428F46D63009CC1DF /* Constants.swift */,
			);
			path = Constants;
			sourceTree = "<group>";
		};
		A4914FDE28F3F0D4009CC1DF /* Storyboards */ = {
			isa = PBXGroup;
			children = (
				A400497B28E4719600824B46 /* LaunchScreen.storyboard */,
				A400497328E4719200824B46 /* Main.storyboard */,
			);
			path = Storyboards;
			sourceTree = "<group>";
		};
		ABF259681DB987CEB703861E /* Pods */ = {
			isa = PBXGroup;
			children = (
				649C2242269D5DFDD76E8EF0 /* Pods-MovieApp.debug.xcconfig */,
				41A2FE6C5B264C4C537C9D57 /* Pods-MovieApp.release.xcconfig */,
			);
			path = Pods;
			sourceTree = "<group>";
		};
/* End PBXGroup section */

/* Begin PBXNativeTarget section */
		A400496928E4719200824B46 /* MovieApp */ = {
			isa = PBXNativeTarget;
			buildConfigurationList = A400498128E4719600824B46 /* Build configuration list for PBXNativeTarget "MovieApp" */;
			buildPhases = (
				691FB407DBFE941237910B96 /* [CP] Check Pods Manifest.lock */,
				A400496628E4719200824B46 /* Sources */,
				A400496728E4719200824B46 /* Frameworks */,
				A400496828E4719200824B46 /* Resources */,
				B65CA071B52608EC5A1A7042 /* [CP] Embed Pods Frameworks */,
			);
			buildRules = (
			);
			dependencies = (
			);
			name = MovieApp;
			productName = MovieApp;
			productReference = A400496A28E4719200824B46 /* MovieApp.app */;
			productType = "com.apple.product-type.application";
		};
/* End PBXNativeTarget section */

/* Begin PBXProject section */
		A400496228E4719200824B46 /* Project object */ = {
			isa = PBXProject;
			attributes = {
				BuildIndependentTargetsInParallel = 1;
				LastSwiftUpdateCheck = 1340;
				LastUpgradeCheck = 1340;
				TargetAttributes = {
					A400496928E4719200824B46 = {
						CreatedOnToolsVersion = 13.4.1;
					};
				};
			};
			buildConfigurationList = A400496528E4719200824B46 /* Build configuration list for PBXProject "MovieApp" */;
			compatibilityVersion = "Xcode 13.0";
			developmentRegion = en;
			hasScannedForEncodings = 0;
			knownRegions = (
				en,
				Base,
			);
			mainGroup = A400496128E4719200824B46;
			productRefGroup = A400496B28E4719200824B46 /* Products */;
			projectDirPath = "";
			projectRoot = "";
			targets = (
				A400496928E4719200824B46 /* MovieApp */,
			);
		};
/* End PBXProject section */

/* Begin PBXResourcesBuildPhase section */
		A400496828E4719200824B46 /* Resources */ = {
			isa = PBXResourcesBuildPhase;
			buildActionMask = 2147483647;
			files = (
				A400497D28E4719600824B46 /* LaunchScreen.storyboard in Resources */,
				A400497A28E4719600824B46 /* Assets.xcassets in Resources */,
				A400497528E4719200824B46 /* Main.storyboard in Resources */,
			);
			runOnlyForDeploymentPostprocessing = 0;
		};
/* End PBXResourcesBuildPhase section */

/* Begin PBXShellScriptBuildPhase section */
		691FB407DBFE941237910B96 /* [CP] Check Pods Manifest.lock */ = {
			isa = PBXShellScriptBuildPhase;
			buildActionMask = 2147483647;
			files = (
			);
			inputFileListPaths = (
			);
			inputPaths = (
				"${PODS_PODFILE_DIR_PATH}/Podfile.lock",
				"${PODS_ROOT}/Manifest.lock",
			);
			name = "[CP] Check Pods Manifest.lock";
			outputFileListPaths = (
			);
			outputPaths = (
				"$(DERIVED_FILE_DIR)/Pods-MovieApp-checkManifestLockResult.txt",
			);
			runOnlyForDeploymentPostprocessing = 0;
			shellPath = /bin/sh;
			shellScript = "diff \"${PODS_PODFILE_DIR_PATH}/Podfile.lock\" \"${PODS_ROOT}/Manifest.lock\" > /dev/null\nif [ $? != 0 ] ; then\n    # print error to STDERR\n    echo \"error: The sandbox is not in sync with the Podfile.lock. Run 'pod install' or update your CocoaPods installation.\" >&2\n    exit 1\nfi\n# This output is used by Xcode 'outputs' to avoid re-running this script phase.\necho \"SUCCESS\" > \"${SCRIPT_OUTPUT_FILE_0}\"\n";
			showEnvVarsInLog = 0;
		};
		B65CA071B52608EC5A1A7042 /* [CP] Embed Pods Frameworks */ = {
			isa = PBXShellScriptBuildPhase;
			buildActionMask = 2147483647;
			files = (
			);
			inputFileListPaths = (
				"${PODS_ROOT}/Target Support Files/Pods-MovieApp/Pods-MovieApp-frameworks-${CONFIGURATION}-input-files.xcfilelist",
			);
			name = "[CP] Embed Pods Frameworks";
			outputFileListPaths = (
				"${PODS_ROOT}/Target Support Files/Pods-MovieApp/Pods-MovieApp-frameworks-${CONFIGURATION}-output-files.xcfilelist",
			);
			runOnlyForDeploymentPostprocessing = 0;
			shellPath = /bin/sh;
			shellScript = "\"${PODS_ROOT}/Target Support Files/Pods-MovieApp/Pods-MovieApp-frameworks.sh\"\n";
			showEnvVarsInLog = 0;
		};
/* End PBXShellScriptBuildPhase section */

/* Begin PBXSourcesBuildPhase section */
		A400496628E4719200824B46 /* Sources */ = {
			isa = PBXSourcesBuildPhase;
			buildActionMask = 2147483647;
			files = (
				A400498528E474F500824B46 /* Model.swift in Sources */,
				A400497228E4719200824B46 /* ViewController.swift in Sources */,
				A467ACDB28ED6C5400369CFB /* MovieCell.swift in Sources */,
				A400496E28E4719200824B46 /* AppDelegate.swift in Sources */,
				A41651BC28EDBEC10048BBEE /* DetailsVC.swift in Sources */,
				A400497028E4719200824B46 /* SceneDelegate.swift in Sources */,
				A4914FE728F4893B009CC1DF /* MovieManager.swift in Sources */,
				A4914FE528F46D63009CC1DF /* Constants.swift in Sources */,
			);
			runOnlyForDeploymentPostprocessing = 0;
		};
/* End PBXSourcesBuildPhase section */

/* Begin PBXVariantGroup section */
		A400497328E4719200824B46 /* Main.storyboard */ = {
			isa = PBXVariantGroup;
			children = (
				A400497428E4719200824B46 /* Base */,
			);
			name = Main.storyboard;
			sourceTree = "<group>";
		};
		A400497B28E4719600824B46 /* LaunchScreen.storyboard */ = {
			isa = PBXVariantGroup;
			children = (
				A400497C28E4719600824B46 /* Base */,
			);
			name = LaunchScreen.storyboard;
			sourceTree = "<group>";
		};
/* End PBXVariantGroup section */

/* Begin XCBuildConfiguration section */
		A400497F28E4719600824B46 /* Debug */ = {
			isa = XCBuildConfiguration;
			buildSettings = {
				ALWAYS_SEARCH_USER_PATHS = NO;
				CLANG_ANALYZER_NONNULL = YES;
				CLANG_ANALYZER_NUMBER_OBJECT_CONVERSION = YES_AGGRESSIVE;
				CLANG_CXX_LANGUAGE_STANDARD = "gnu++17";
				CLANG_ENABLE_MODULES = YES;
				CLANG_ENABLE_OBJC_ARC = YES;
				CLANG_ENABLE_OBJC_WEAK = YES;
				CLANG_WARN_BLOCK_CAPTURE_AUTORELEASING = YES;
				CLANG_WARN_BOOL_CONVERSION = YES;
				CLANG_WARN_COMMA = YES;
				CLANG_WARN_CONSTANT_CONVERSION = YES;
				CLANG_WARN_DEPRECATED_OBJC_IMPLEMENTATIONS = YES;
				CLANG_WARN_DIRECT_OBJC_ISA_USAGE = YES_ERROR;
				CLANG_WARN_DOCUMENTATION_COMMENTS = YES;
				CLANG_WARN_EMPTY_BODY = YES;
				CLANG_WARN_ENUM_CONVERSION = YES;
				CLANG_WARN_INFINITE_RECURSION = YES;
				CLANG_WARN_INT_CONVERSION = YES;
				CLANG_WARN_NON_LITERAL_NULL_CONVERSION = YES;
				CLANG_WARN_OBJC_IMPLICIT_RETAIN_SELF = YES;
				CLANG_WARN_OBJC_LITERAL_CONVERSION = YES;
				CLANG_WARN_OBJC_ROOT_CLASS = YES_ERROR;
				CLANG_WARN_QUOTED_INCLUDE_IN_FRAMEWORK_HEADER = YES;
				CLANG_WARN_RANGE_LOOP_ANALYSIS = YES;
				CLANG_WARN_STRICT_PROTOTYPES = YES;
				CLANG_WARN_SUSPICIOUS_MOVE = YES;
				CLANG_WARN_UNGUARDED_AVAILABILITY = YES_AGGRESSIVE;
				CLANG_WARN_UNREACHABLE_CODE = YES;
				CLANG_WARN__DUPLICATE_METHOD_MATCH = YES;
				COPY_PHASE_STRIP = NO;
				DEBUG_INFORMATION_FORMAT = dwarf;
				ENABLE_STRICT_OBJC_MSGSEND = YES;
				ENABLE_TESTABILITY = YES;
				GCC_C_LANGUAGE_STANDARD = gnu11;
				GCC_DYNAMIC_NO_PIC = NO;
				GCC_NO_COMMON_BLOCKS = YES;
				GCC_OPTIMIZATION_LEVEL = 0;
				GCC_PREPROCESSOR_DEFINITIONS = (
					"DEBUG=1",
					"$(inherited)",
				);
				GCC_WARN_64_TO_32_BIT_CONVERSION = YES;
				GCC_WARN_ABOUT_RETURN_TYPE = YES_ERROR;
				GCC_WARN_UNDECLARED_SELECTOR = YES;
				GCC_WARN_UNINITIALIZED_AUTOS = YES_AGGRESSIVE;
				GCC_WARN_UNUSED_FUNCTION = YES;
				GCC_WARN_UNUSED_VARIABLE = YES;
				IPHONEOS_DEPLOYMENT_TARGET = 15.5;
				MTL_ENABLE_DEBUG_INFO = INCLUDE_SOURCE;
				MTL_FAST_MATH = YES;
				ONLY_ACTIVE_ARCH = YES;
				SDKROOT = iphoneos;
				SWIFT_ACTIVE_COMPILATION_CONDITIONS = DEBUG;
				SWIFT_OPTIMIZATION_LEVEL = "-Onone";
			};
			name = Debug;
		};
		A400498028E4719600824B46 /* Release */ = {
			isa = XCBuildConfiguration;
			buildSettings = {
				ALWAYS_SEARCH_USER_PATHS = NO;
				CLANG_ANALYZER_NONNULL = YES;
				CLANG_ANALYZER_NUMBER_OBJECT_CONVERSION = YES_AGGRESSIVE;
				CLANG_CXX_LANGUAGE_STANDARD = "gnu++17";
				CLANG_ENABLE_MODULES = YES;
				CLANG_ENABLE_OBJC_ARC = YES;
				CLANG_ENABLE_OBJC_WEAK = YES;
				CLANG_WARN_BLOCK_CAPTURE_AUTORELEASING = YES;
				CLANG_WARN_BOOL_CONVERSION = YES;
				CLANG_WARN_COMMA = YES;
				CLANG_WARN_CONSTANT_CONVERSION = YES;
				CLANG_WARN_DEPRECATED_OBJC_IMPLEMENTATIONS = YES;
				CLANG_WARN_DIRECT_OBJC_ISA_USAGE = YES_ERROR;
				CLANG_WARN_DOCUMENTATION_COMMENTS = YES;
				CLANG_WARN_EMPTY_BODY = YES;
				CLANG_WARN_ENUM_CONVERSION = YES;
				CLANG_WARN_INFINITE_RECURSION = YES;
				CLANG_WARN_INT_CONVERSION = YES;
				CLANG_WARN_NON_LITERAL_NULL_CONVERSION = YES;
				CLANG_WARN_OBJC_IMPLICIT_RETAIN_SELF = YES;
				CLANG_WARN_OBJC_LITERAL_CONVERSION = YES;
				CLANG_WARN_OBJC_ROOT_CLASS = YES_ERROR;
				CLANG_WARN_QUOTED_INCLUDE_IN_FRAMEWORK_HEADER = YES;
				CLANG_WARN_RANGE_LOOP_ANALYSIS = YES;
				CLANG_WARN_STRICT_PROTOTYPES = YES;
				CLANG_WARN_SUSPICIOUS_MOVE = YES;
				CLANG_WARN_UNGUARDED_AVAILABILITY = YES_AGGRESSIVE;
				CLANG_WARN_UNREACHABLE_CODE = YES;
				CLANG_WARN__DUPLICATE_METHOD_MATCH = YES;
				COPY_PHASE_STRIP = NO;
				DEBUG_INFORMATION_FORMAT = "dwarf-with-dsym";
				ENABLE_NS_ASSERTIONS = NO;
				ENABLE_STRICT_OBJC_MSGSEND = YES;
				GCC_C_LANGUAGE_STANDARD = gnu11;
				GCC_NO_COMMON_BLOCKS = YES;
				GCC_WARN_64_TO_32_BIT_CONVERSION = YES;
				GCC_WARN_ABOUT_RETURN_TYPE = YES_ERROR;
				GCC_WARN_UNDECLARED_SELECTOR = YES;
				GCC_WARN_UNINITIALIZED_AUTOS = YES_AGGRESSIVE;
				GCC_WARN_UNUSED_FUNCTION = YES;
				GCC_WARN_UNUSED_VARIABLE = YES;
				IPHONEOS_DEPLOYMENT_TARGET = 15.5;
				MTL_ENABLE_DEBUG_INFO = NO;
				MTL_FAST_MATH = YES;
				SDKROOT = iphoneos;
				SWIFT_COMPILATION_MODE = wholemodule;
				SWIFT_OPTIMIZATION_LEVEL = "-O";
				VALIDATE_PRODUCT = YES;
			};
			name = Release;
		};
		A400498228E4719600824B46 /* Debug */ = {
			isa = XCBuildConfiguration;
			baseConfigurationReference = 649C2242269D5DFDD76E8EF0 /* Pods-MovieApp.debug.xcconfig */;
			buildSettings = {
				ASSETCATALOG_COMPILER_APPICON_NAME = AppIcon;
				ASSETCATALOG_COMPILER_GLOBAL_ACCENT_COLOR_NAME = AccentColor;
				CODE_SIGN_STYLE = Automatic;
				CURRENT_PROJECT_VERSION = 1;
				DEVELOPMENT_TEAM = 6797435H3L;
				GENERATE_INFOPLIST_FILE = YES;
				INFOPLIST_FILE = MovieApp/Info.plist;
				INFOPLIST_KEY_UIApplicationSupportsIndirectInputEvents = YES;
				INFOPLIST_KEY_UILaunchStoryboardName = LaunchScreen;
				INFOPLIST_KEY_UIMainStoryboardFile = Main;
				INFOPLIST_KEY_UISupportedInterfaceOrientations = UIInterfaceOrientationPortrait;
				INFOPLIST_KEY_UISupportedInterfaceOrientations_iPad = "UIInterfaceOrientationPortrait UIInterfaceOrientationPortraitUpsideDown UIInterfaceOrientationLandscapeLeft UIInterfaceOrientationLandscapeRight";
				INFOPLIST_KEY_UISupportedInterfaceOrientations_iPhone = "UIInterfaceOrientationPortrait UIInterfaceOrientationLandscapeLeft UIInterfaceOrientationLandscapeRight";
				LD_RUNPATH_SEARCH_PATHS = (
					"$(inherited)",
					"@executable_path/Frameworks",
				);
				MARKETING_VERSION = 1.0;
				PRODUCT_BUNDLE_IDENTIFIER = com.sevvalalev.MovieApp;
				PRODUCT_NAME = "$(TARGET_NAME)";
				SWIFT_EMIT_LOC_STRINGS = YES;
				SWIFT_VERSION = 5.0;
				TARGETED_DEVICE_FAMILY = "1,2";
			};
			name = Debug;
		};
		A400498328E4719600824B46 /* Release */ = {
			isa = XCBuildConfiguration;
			baseConfigurationReference = 41A2FE6C5B264C4C537C9D57 /* Pods-MovieApp.release.xcconfig */;
			buildSettings = {
				ASSETCATALOG_COMPILER_APPICON_NAME = AppIcon;
				ASSETCATALOG_COMPILER_GLOBAL_ACCENT_COLOR_NAME = AccentColor;
				CODE_SIGN_STYLE = Automatic;
				CURRENT_PROJECT_VERSION = 1;
				DEVELOPMENT_TEAM = 6797435H3L;
				GENERATE_INFOPLIST_FILE = YES;
				INFOPLIST_FILE = MovieApp/Info.plist;
				INFOPLIST_KEY_UIApplicationSupportsIndirectInputEvents = YES;
				INFOPLIST_KEY_UILaunchStoryboardName = LaunchScreen;
				INFOPLIST_KEY_UIMainStoryboardFile = Main;
				INFOPLIST_KEY_UISupportedInterfaceOrientations = UIInterfaceOrientationPortrait;
				INFOPLIST_KEY_UISupportedInterfaceOrientations_iPad = "UIInterfaceOrientationPortrait UIInterfaceOrientationPortraitUpsideDown UIInterfaceOrientationLandscapeLeft UIInterfaceOrientationLandscapeRight";
				INFOPLIST_KEY_UISupportedInterfaceOrientations_iPhone = "UIInterfaceOrientationPortrait UIInterfaceOrientationLandscapeLeft UIInterfaceOrientationLandscapeRight";
				LD_RUNPATH_SEARCH_PATHS = (
					"$(inherited)",
					"@executable_path/Frameworks",
				);
				MARKETING_VERSION = 1.0;
				PRODUCT_BUNDLE_IDENTIFIER = com.sevvalalev.MovieApp;
				PRODUCT_NAME = "$(TARGET_NAME)";
				SWIFT_EMIT_LOC_STRINGS = YES;
				SWIFT_VERSION = 5.0;
				TARGETED_DEVICE_FAMILY = "1,2";
			};
			name = Release;
		};
/* End XCBuildConfiguration section */

/* Begin XCConfigurationList section */
		A400496528E4719200824B46 /* Build configuration list for PBXProject "MovieApp" */ = {
			isa = XCConfigurationList;
			buildConfigurations = (
				A400497F28E4719600824B46 /* Debug */,
				A400498028E4719600824B46 /* Release */,
			);
			defaultConfigurationIsVisible = 0;
			defaultConfigurationName = Release;
		};
		A400498128E4719600824B46 /* Build configuration list for PBXNativeTarget "MovieApp" */ = {
			isa = XCConfigurationList;
			buildConfigurations = (
				A400498228E4719600824B46 /* Debug */,
				A400498328E4719600824B46 /* Release */,
			);
			defaultConfigurationIsVisible = 0;
			defaultConfigurationName = Release;
		};
/* End XCConfigurationList section */
	};
	rootObject = A400496228E4719200824B46 /* Project object */;
}
